// !$*UTF8*$!
{
	archiveVersion = 1;
	classes = {
	};
	objectVersion = 51;
	objects = {

/* Begin PBXBuildFile section */
		3F1D122C7FBC05EED995D7A1 /* Pods_WorldTok.framework in Frameworks */ = {isa = PBXBuildFile; fileRef = F4C1C5AA9C5654799EF13E7A /* Pods_WorldTok.framework */; };
		4496DC182358B36000AF1456 /* AppDelegate.swift in Sources */ = {isa = PBXBuildFile; fileRef = 4496DC172358B36000AF1456 /* AppDelegate.swift */; };
		4496DC1F2358B36000AF1456 /* Main.storyboard in Resources */ = {isa = PBXBuildFile; fileRef = 4496DC1D2358B36000AF1456 /* Main.storyboard */; };
		4496DC212358B36400AF1456 /* Assets.xcassets in Resources */ = {isa = PBXBuildFile; fileRef = 4496DC202358B36400AF1456 /* Assets.xcassets */; };
		4496DC242358B36400AF1456 /* LaunchScreen.storyboard in Resources */ = {isa = PBXBuildFile; fileRef = 4496DC222358B36400AF1456 /* LaunchScreen.storyboard */; };
		4496DC2C2358B4B900AF1456 /* HomeScreen.swift in Sources */ = {isa = PBXBuildFile; fileRef = 4496DC2B2358B4B900AF1456 /* HomeScreen.swift */; };
		4496DC2E2358D36800AF1456 /* TimeTableViewCell.swift in Sources */ = {isa = PBXBuildFile; fileRef = 4496DC2D2358D36800AF1456 /* TimeTableViewCell.swift */; };
		4496DC302358D41400AF1456 /* ContextMenuExtension.swift in Sources */ = {isa = PBXBuildFile; fileRef = 4496DC2F2358D41400AF1456 /* ContextMenuExtension.swift */; };
		4496DC362359BF7500AF1456 /* CityTimeScreen.swift in Sources */ = {isa = PBXBuildFile; fileRef = 4496DC352359BF7500AF1456 /* CityTimeScreen.swift */; };
		44A240FD235B92E8002E8783 /* UserDefaultsExtension.swift in Sources */ = {isa = PBXBuildFile; fileRef = 44A240FC235B92E8002E8783 /* UserDefaultsExtension.swift */; };
		44A24102235CE34D002E8783 /* MapBackgroundViewController.swift in Sources */ = {isa = PBXBuildFile; fileRef = 44A24101235CE34D002E8783 /* MapBackgroundViewController.swift */; };
		44A24104235CE39F002E8783 /* LocationSearchTable.swift in Sources */ = {isa = PBXBuildFile; fileRef = 44A24103235CE39F002E8783 /* LocationSearchTable.swift */; };
/* End PBXBuildFile section */

/* Begin PBXFileReference section */
		1D98B57D13F204D9DE032AD9 /* Pods-WorldTok.release.xcconfig */ = {isa = PBXFileReference; includeInIndex = 1; lastKnownFileType = text.xcconfig; name = "Pods-WorldTok.release.xcconfig"; path = "Target Support Files/Pods-WorldTok/Pods-WorldTok.release.xcconfig"; sourceTree = "<group>"; };
		4496DC142358B36000AF1456 /* WorldTok.app */ = {isa = PBXFileReference; explicitFileType = wrapper.application; includeInIndex = 0; path = WorldTok.app; sourceTree = BUILT_PRODUCTS_DIR; };
		4496DC172358B36000AF1456 /* AppDelegate.swift */ = {isa = PBXFileReference; lastKnownFileType = sourcecode.swift; path = AppDelegate.swift; sourceTree = "<group>"; };
		4496DC1E2358B36000AF1456 /* Base */ = {isa = PBXFileReference; lastKnownFileType = file.storyboard; name = Base; path = Base.lproj/Main.storyboard; sourceTree = "<group>"; };
		4496DC202358B36400AF1456 /* Assets.xcassets */ = {isa = PBXFileReference; lastKnownFileType = folder.assetcatalog; path = Assets.xcassets; sourceTree = "<group>"; };
		4496DC232358B36400AF1456 /* Base */ = {isa = PBXFileReference; lastKnownFileType = file.storyboard; name = Base; path = Base.lproj/LaunchScreen.storyboard; sourceTree = "<group>"; };
		4496DC252358B36400AF1456 /* Info.plist */ = {isa = PBXFileReference; lastKnownFileType = text.plist.xml; path = Info.plist; sourceTree = "<group>"; };
		4496DC2B2358B4B900AF1456 /* HomeScreen.swift */ = {isa = PBXFileReference; lastKnownFileType = sourcecode.swift; path = HomeScreen.swift; sourceTree = "<group>"; };
		4496DC2D2358D36800AF1456 /* TimeTableViewCell.swift */ = {isa = PBXFileReference; lastKnownFileType = sourcecode.swift; path = TimeTableViewCell.swift; sourceTree = "<group>"; };
		4496DC2F2358D41400AF1456 /* ContextMenuExtension.swift */ = {isa = PBXFileReference; lastKnownFileType = sourcecode.swift; path = ContextMenuExtension.swift; sourceTree = "<group>"; };
		4496DC352359BF7500AF1456 /* CityTimeScreen.swift */ = {isa = PBXFileReference; lastKnownFileType = sourcecode.swift; path = CityTimeScreen.swift; sourceTree = "<group>"; };
		44A240FC235B92E8002E8783 /* UserDefaultsExtension.swift */ = {isa = PBXFileReference; lastKnownFileType = sourcecode.swift; path = UserDefaultsExtension.swift; sourceTree = "<group>"; };
		44A24101235CE34D002E8783 /* MapBackgroundViewController.swift */ = {isa = PBXFileReference; lastKnownFileType = sourcecode.swift; path = MapBackgroundViewController.swift; sourceTree = "<group>"; };
		44A24103235CE39F002E8783 /* LocationSearchTable.swift */ = {isa = PBXFileReference; lastKnownFileType = sourcecode.swift; path = LocationSearchTable.swift; sourceTree = "<group>"; };
		90BFA9E29A36F7863AAB21B6 /* Pods-WorldTok.debug.xcconfig */ = {isa = PBXFileReference; includeInIndex = 1; lastKnownFileType = text.xcconfig; name = "Pods-WorldTok.debug.xcconfig"; path = "Target Support Files/Pods-WorldTok/Pods-WorldTok.debug.xcconfig"; sourceTree = "<group>"; };
		F4C1C5AA9C5654799EF13E7A /* Pods_WorldTok.framework */ = {isa = PBXFileReference; explicitFileType = wrapper.framework; includeInIndex = 0; path = Pods_WorldTok.framework; sourceTree = BUILT_PRODUCTS_DIR; };
/* End PBXFileReference section */

/* Begin PBXFrameworksBuildPhase section */
		4496DC112358B36000AF1456 /* Frameworks */ = {
			isa = PBXFrameworksBuildPhase;
			buildActionMask = 2147483647;
			files = (
				3F1D122C7FBC05EED995D7A1 /* Pods_WorldTok.framework in Frameworks */,
			);
			runOnlyForDeploymentPostprocessing = 0;
		};
/* End PBXFrameworksBuildPhase section */

/* Begin PBXGroup section */
		4496DC0B2358B36000AF1456 = {
			isa = PBXGroup;
			children = (
				4496DC2D2358D36800AF1456 /* TimeTableViewCell.swift */,
				4496DC2F2358D41400AF1456 /* ContextMenuExtension.swift */,
				4496DC162358B36000AF1456 /* WorldTok */,
				4496DC152358B36000AF1456 /* Products */,
				9241E0EB14C2A327171C0AC3 /* Pods */,
				855385AAA8EFE2942008AC87 /* Frameworks */,
			);
			sourceTree = "<group>";
		};
		4496DC152358B36000AF1456 /* Products */ = {
			isa = PBXGroup;
			children = (
				4496DC142358B36000AF1456 /* WorldTok.app */,
			);
			name = Products;
			sourceTree = "<group>";
		};
		4496DC162358B36000AF1456 /* WorldTok */ = {
			isa = PBXGroup;
			children = (
				44A24100235CE1C4002E8783 /* SearchControllers */,
				4496DC5A235A393A00AF1456 /* Models */,
				4496DC172358B36000AF1456 /* AppDelegate.swift */,
				4496DC2B2358B4B900AF1456 /* HomeScreen.swift */,
				4496DC352359BF7500AF1456 /* CityTimeScreen.swift */,
				4496DC1D2358B36000AF1456 /* Main.storyboard */,
				4496DC202358B36400AF1456 /* Assets.xcassets */,
				4496DC222358B36400AF1456 /* LaunchScreen.storyboard */,
				4496DC252358B36400AF1456 /* Info.plist */,
			);
			path = WorldTok;
			sourceTree = "<group>";
		};
		4496DC5A235A393A00AF1456 /* Models */ = {
			isa = PBXGroup;
			children = (
				44A240FC235B92E8002E8783 /* UserDefaultsExtension.swift */,
			);
			path = Models;
			sourceTree = "<group>";
		};
		44A24100235CE1C4002E8783 /* SearchControllers */ = {
			isa = PBXGroup;
			children = (
				44A24101235CE34D002E8783 /* MapBackgroundViewController.swift */,
				44A24103235CE39F002E8783 /* LocationSearchTable.swift */,
			);
			path = SearchControllers;
			sourceTree = "<group>";
		};
		855385AAA8EFE2942008AC87 /* Frameworks */ = {
			isa = PBXGroup;
			children = (
				F4C1C5AA9C5654799EF13E7A /* Pods_WorldTok.framework */,
			);
			name = Frameworks;
			sourceTree = "<group>";
		};
		9241E0EB14C2A327171C0AC3 /* Pods */ = {
			isa = PBXGroup;
			children = (
				90BFA9E29A36F7863AAB21B6 /* Pods-WorldTok.debug.xcconfig */,
				1D98B57D13F204D9DE032AD9 /* Pods-WorldTok.release.xcconfig */,
			);
			path = Pods;
			sourceTree = "<group>";
		};
/* End PBXGroup section */

/* Begin PBXNativeTarget section */
		4496DC132358B36000AF1456 /* WorldTok */ = {
			isa = PBXNativeTarget;
			buildConfigurationList = 4496DC282358B36400AF1456 /* Build configuration list for PBXNativeTarget "WorldTok" */;
			buildPhases = (
				3F8368184ECCEBD3490C1197 /* [CP] Check Pods Manifest.lock */,
				4496DC102358B36000AF1456 /* Sources */,
				4496DC112358B36000AF1456 /* Frameworks */,
				4496DC122358B36000AF1456 /* Resources */,
				7971516E20A374180EAAFD5E /* [CP] Embed Pods Frameworks */,
			);
			buildRules = (
			);
			dependencies = (
			);
			name = WorldTok;
			productName = WorldTok;
			productReference = 4496DC142358B36000AF1456 /* WorldTok.app */;
			productType = "com.apple.product-type.application";
		};
/* End PBXNativeTarget section */

/* Begin PBXProject section */
		4496DC0C2358B36000AF1456 /* Project object */ = {
			isa = PBXProject;
			attributes = {
				LastSwiftUpdateCheck = 1110;
				LastUpgradeCheck = 1110;
				ORGANIZATIONNAME = "Swapnanil Dhol";
				TargetAttributes = {
					4496DC132358B36000AF1456 = {
						CreatedOnToolsVersion = 11.1;
					};
				};
			};
			buildConfigurationList = 4496DC0F2358B36000AF1456 /* Build configuration list for PBXProject "WorldTok" */;
			compatibilityVersion = "Xcode 9.3";
			developmentRegion = en;
			hasScannedForEncodings = 0;
			knownRegions = (
				en,
				Base,
			);
			mainGroup = 4496DC0B2358B36000AF1456;
			productRefGroup = 4496DC152358B36000AF1456 /* Products */;
			projectDirPath = "";
			projectRoot = "";
			targets = (
				4496DC132358B36000AF1456 /* WorldTok */,
			);
		};
/* End PBXProject section */

/* Begin PBXResourcesBuildPhase section */
		4496DC122358B36000AF1456 /* Resources */ = {
			isa = PBXResourcesBuildPhase;
			buildActionMask = 2147483647;
			files = (
				4496DC242358B36400AF1456 /* LaunchScreen.storyboard in Resources */,
				4496DC212358B36400AF1456 /* Assets.xcassets in Resources */,
				4496DC1F2358B36000AF1456 /* Main.storyboard in Resources */,
			);
			runOnlyForDeploymentPostprocessing = 0;
		};
/* End PBXResourcesBuildPhase section */

/* Begin PBXShellScriptBuildPhase section */
		3F8368184ECCEBD3490C1197 /* [CP] Check Pods Manifest.lock */ = {
			isa = PBXShellScriptBuildPhase;
			buildActionMask = 2147483647;
			files = (
			);
			inputFileListPaths = (
			);
			inputPaths = (
				"${PODS_PODFILE_DIR_PATH}/Podfile.lock",
				"${PODS_ROOT}/Manifest.lock",
			);
			name = "[CP] Check Pods Manifest.lock";
			outputFileListPaths = (
			);
			outputPaths = (
				"$(DERIVED_FILE_DIR)/Pods-WorldTok-checkManifestLockResult.txt",
			);
			runOnlyForDeploymentPostprocessing = 0;
			shellPath = /bin/sh;
			shellScript = "diff \"${PODS_PODFILE_DIR_PATH}/Podfile.lock\" \"${PODS_ROOT}/Manifest.lock\" > /dev/null\nif [ $? != 0 ] ; then\n    # print error to STDERR\n    echo \"error: The sandbox is not in sync with the Podfile.lock. Run 'pod install' or update your CocoaPods installation.\" >&2\n    exit 1\nfi\n# This output is used by Xcode 'outputs' to avoid re-running this script phase.\necho \"SUCCESS\" > \"${SCRIPT_OUTPUT_FILE_0}\"\n";
			showEnvVarsInLog = 0;
		};
		7971516E20A374180EAAFD5E /* [CP] Embed Pods Frameworks */ = {
			isa = PBXShellScriptBuildPhase;
			buildActionMask = 2147483647;
			files = (
			);
			inputFileListPaths = (
				"${PODS_ROOT}/Target Support Files/Pods-WorldTok/Pods-WorldTok-frameworks-${CONFIGURATION}-input-files.xcfilelist",
			);
			name = "[CP] Embed Pods Frameworks";
			outputFileListPaths = (
				"${PODS_ROOT}/Target Support Files/Pods-WorldTok/Pods-WorldTok-frameworks-${CONFIGURATION}-output-files.xcfilelist",
			);
			runOnlyForDeploymentPostprocessing = 0;
			shellPath = /bin/sh;
			shellScript = "\"${PODS_ROOT}/Target Support Files/Pods-WorldTok/Pods-WorldTok-frameworks.sh\"\n";
			showEnvVarsInLog = 0;
		};
/* End PBXShellScriptBuildPhase section */

/* Begin PBXSourcesBuildPhase section */
		4496DC102358B36000AF1456 /* Sources */ = {
			isa = PBXSourcesBuildPhase;
			buildActionMask = 2147483647;
			files = (
				44A24102235CE34D002E8783 /* MapBackgroundViewController.swift in Sources */,
				4496DC302358D41400AF1456 /* ContextMenuExtension.swift in Sources */,
				4496DC2C2358B4B900AF1456 /* HomeScreen.swift in Sources */,
				44A24104235CE39F002E8783 /* LocationSearchTable.swift in Sources */,
				4496DC362359BF7500AF1456 /* CityTimeScreen.swift in Sources */,
				4496DC182358B36000AF1456 /* AppDelegate.swift in Sources */,
				4496DC2E2358D36800AF1456 /* TimeTableViewCell.swift in Sources */,
				44A240FD235B92E8002E8783 /* UserDefaultsExtension.swift in Sources */,
			);
			runOnlyForDeploymentPostprocessing = 0;
		};
/* End PBXSourcesBuildPhase section */

/* Begin PBXVariantGroup section */
		4496DC1D2358B36000AF1456 /* Main.storyboard */ = {
			isa = PBXVariantGroup;
			children = (
				4496DC1E2358B36000AF1456 /* Base */,
			);
			name = Main.storyboard;
			sourceTree = "<group>";
		};
		4496DC222358B36400AF1456 /* LaunchScreen.storyboard */ = {
			isa = PBXVariantGroup;
			children = (
				4496DC232358B36400AF1456 /* Base */,
			);
			name = LaunchScreen.storyboard;
			sourceTree = "<group>";
		};
/* End PBXVariantGroup section */

/* Begin XCBuildConfiguration section */
		4496DC262358B36400AF1456 /* Debug */ = {
			isa = XCBuildConfiguration;
			buildSettings = {
				ALWAYS_SEARCH_USER_PATHS = NO;
				CLANG_ANALYZER_NONNULL = YES;
				CLANG_ANALYZER_NUMBER_OBJECT_CONVERSION = YES_AGGRESSIVE;
				CLANG_CXX_LANGUAGE_STANDARD = "gnu++14";
				CLANG_CXX_LIBRARY = "libc++";
				CLANG_ENABLE_MODULES = YES;
				CLANG_ENABLE_OBJC_ARC = YES;
				CLANG_ENABLE_OBJC_WEAK = YES;
				CLANG_WARN_BLOCK_CAPTURE_AUTORELEASING = YES;
				CLANG_WARN_BOOL_CONVERSION = YES;
				CLANG_WARN_COMMA = YES;
				CLANG_WARN_CONSTANT_CONVERSION = YES;
				CLANG_WARN_DEPRECATED_OBJC_IMPLEMENTATIONS = YES;
				CLANG_WARN_DIRECT_OBJC_ISA_USAGE = YES_ERROR;
				CLANG_WARN_DOCUMENTATION_COMMENTS = YES;
				CLANG_WARN_EMPTY_BODY = YES;
				CLANG_WARN_ENUM_CONVERSION = YES;
				CLANG_WARN_INFINITE_RECURSION = YES;
				CLANG_WARN_INT_CONVERSION = YES;
				CLANG_WARN_NON_LITERAL_NULL_CONVERSION = YES;
				CLANG_WARN_OBJC_IMPLICIT_RETAIN_SELF = YES;
				CLANG_WARN_OBJC_LITERAL_CONVERSION = YES;
				CLANG_WARN_OBJC_ROOT_CLASS = YES_ERROR;
				CLANG_WARN_RANGE_LOOP_ANALYSIS = YES;
				CLANG_WARN_STRICT_PROTOTYPES = YES;
				CLANG_WARN_SUSPICIOUS_MOVE = YES;
				CLANG_WARN_UNGUARDED_AVAILABILITY = YES_AGGRESSIVE;
				CLANG_WARN_UNREACHABLE_CODE = YES;
				CLANG_WARN__DUPLICATE_METHOD_MATCH = YES;
				COPY_PHASE_STRIP = NO;
				DEBUG_INFORMATION_FORMAT = dwarf;
				ENABLE_STRICT_OBJC_MSGSEND = YES;
				ENABLE_TESTABILITY = YES;
				GCC_C_LANGUAGE_STANDARD = gnu11;
				GCC_DYNAMIC_NO_PIC = NO;
				GCC_NO_COMMON_BLOCKS = YES;
				GCC_OPTIMIZATION_LEVEL = 0;
				GCC_PREPROCESSOR_DEFINITIONS = (
					"DEBUG=1",
					"$(inherited)",
				);
				GCC_WARN_64_TO_32_BIT_CONVERSION = YES;
				GCC_WARN_ABOUT_RETURN_TYPE = YES_ERROR;
				GCC_WARN_UNDECLARED_SELECTOR = YES;
				GCC_WARN_UNINITIALIZED_AUTOS = YES_AGGRESSIVE;
				GCC_WARN_UNUSED_FUNCTION = YES;
				GCC_WARN_UNUSED_VARIABLE = YES;
				IPHONEOS_DEPLOYMENT_TARGET = 13.1;
				MTL_ENABLE_DEBUG_INFO = INCLUDE_SOURCE;
				MTL_FAST_MATH = YES;
				ONLY_ACTIVE_ARCH = YES;
				SDKROOT = iphoneos;
				SWIFT_ACTIVE_COMPILATION_CONDITIONS = DEBUG;
				SWIFT_OPTIMIZATION_LEVEL = "-Onone";
			};
			name = Debug;
		};
		4496DC272358B36400AF1456 /* Release */ = {
			isa = XCBuildConfiguration;
			buildSettings = {
				ALWAYS_SEARCH_USER_PATHS = NO;
				CLANG_ANALYZER_NONNULL = YES;
				CLANG_ANALYZER_NUMBER_OBJECT_CONVERSION = YES_AGGRESSIVE;
				CLANG_CXX_LANGUAGE_STANDARD = "gnu++14";
				CLANG_CXX_LIBRARY = "libc++";
				CLANG_ENABLE_MODULES = YES;
				CLANG_ENABLE_OBJC_ARC = YES;
				CLANG_ENABLE_OBJC_WEAK = YES;
				CLANG_WARN_BLOCK_CAPTURE_AUTORELEASING = YES;
				CLANG_WARN_BOOL_CONVERSION = YES;
				CLANG_WARN_COMMA = YES;
				CLANG_WARN_CONSTANT_CONVERSION = YES;
				CLANG_WARN_DEPRECATED_OBJC_IMPLEMENTATIONS = YES;
				CLANG_WARN_DIRECT_OBJC_ISA_USAGE = YES_ERROR;
				CLANG_WARN_DOCUMENTATION_COMMENTS = YES;
				CLANG_WARN_EMPTY_BODY = YES;
				CLANG_WARN_ENUM_CONVERSION = YES;
				CLANG_WARN_INFINITE_RECURSION = YES;
				CLANG_WARN_INT_CONVERSION = YES;
				CLANG_WARN_NON_LITERAL_NULL_CONVERSION = YES;
				CLANG_WARN_OBJC_IMPLICIT_RETAIN_SELF = YES;
				CLANG_WARN_OBJC_LITERAL_CONVERSION = YES;
				CLANG_WARN_OBJC_ROOT_CLASS = YES_ERROR;
				CLANG_WARN_RANGE_LOOP_ANALYSIS = YES;
				CLANG_WARN_STRICT_PROTOTYPES = YES;
				CLANG_WARN_SUSPICIOUS_MOVE = YES;
				CLANG_WARN_UNGUARDED_AVAILABILITY = YES_AGGRESSIVE;
				CLANG_WARN_UNREACHABLE_CODE = YES;
				CLANG_WARN__DUPLICATE_METHOD_MATCH = YES;
				COPY_PHASE_STRIP = NO;
				DEBUG_INFORMATION_FORMAT = "dwarf-with-dsym";
				ENABLE_NS_ASSERTIONS = NO;
				ENABLE_STRICT_OBJC_MSGSEND = YES;
				GCC_C_LANGUAGE_STANDARD = gnu11;
				GCC_NO_COMMON_BLOCKS = YES;
				GCC_WARN_64_TO_32_BIT_CONVERSION = YES;
				GCC_WARN_ABOUT_RETURN_TYPE = YES_ERROR;
				GCC_WARN_UNDECLARED_SELECTOR = YES;
				GCC_WARN_UNINITIALIZED_AUTOS = YES_AGGRESSIVE;
				GCC_WARN_UNUSED_FUNCTION = YES;
				GCC_WARN_UNUSED_VARIABLE = YES;
				IPHONEOS_DEPLOYMENT_TARGET = 13.1;
				MTL_ENABLE_DEBUG_INFO = NO;
				MTL_FAST_MATH = YES;
				SDKROOT = iphoneos;
				SWIFT_COMPILATION_MODE = wholemodule;
				SWIFT_OPTIMIZATION_LEVEL = "-O";
				VALIDATE_PRODUCT = YES;
			};
			name = Release;
		};
		4496DC292358B36400AF1456 /* Debug */ = {
			isa = XCBuildConfiguration;
			baseConfigurationReference = 90BFA9E29A36F7863AAB21B6 /* Pods-WorldTok.debug.xcconfig */;
			buildSettings = {
				ASSETCATALOG_COMPILER_APPICON_NAME = AppIcon;
				CODE_SIGN_STYLE = Automatic;
				DEVELOPMENT_TEAM = AE68R986VS;
				INFOPLIST_FILE = WorldTok/Info.plist;
				LD_RUNPATH_SEARCH_PATHS = (
					"$(inherited)",
					"@executable_path/Frameworks",
				);
				PRODUCT_BUNDLE_IDENTIFIER = com.SwapnanilDhol.WorldTok;
				PRODUCT_NAME = "$(TARGET_NAME)";
				SWIFT_VERSION = 5.0;
				TARGETED_DEVICE_FAMILY = "1,2";
			};
			name = Debug;
		};
		4496DC2A2358B36400AF1456 /* Release */ = {
			isa = XCBuildConfiguration;
			baseConfigurationReference = 1D98B57D13F204D9DE032AD9 /* Pods-WorldTok.release.xcconfig */;
			buildSettings = {
				ASSETCATALOG_COMPILER_APPICON_NAME = AppIcon;
				CODE_SIGN_STYLE = Automatic;
				DEVELOPMENT_TEAM = AE68R986VS;
				INFOPLIST_FILE = WorldTok/Info.plist;
				LD_RUNPATH_SEARCH_PATHS = (
					"$(inherited)",
					"@executable_path/Frameworks",
				);
				PRODUCT_BUNDLE_IDENTIFIER = com.SwapnanilDhol.WorldTok;
				PRODUCT_NAME = "$(TARGET_NAME)";
				SWIFT_VERSION = 5.0;
				TARGETED_DEVICE_FAMILY = "1,2";
			};
			name = Release;
		};
/* End XCBuildConfiguration section */

/* Begin XCConfigurationList section */
		4496DC0F2358B36000AF1456 /* Build configuration list for PBXProject "WorldTok" */ = {
			isa = XCConfigurationList;
			buildConfigurations = (
				4496DC262358B36400AF1456 /* Debug */,
				4496DC272358B36400AF1456 /* Release */,
			);
			defaultConfigurationIsVisible = 0;
			defaultConfigurationName = Release;
		};
		4496DC282358B36400AF1456 /* Build configuration list for PBXNativeTarget "WorldTok" */ = {
			isa = XCConfigurationList;
			buildConfigurations = (
				4496DC292358B36400AF1456 /* Debug */,
				4496DC2A2358B36400AF1456 /* Release */,
			);
			defaultConfigurationIsVisible = 0;
			defaultConfigurationName = Release;
		};
/* End XCConfigurationList section */
	};
	rootObject = 4496DC0C2358B36000AF1456 /* Project object */;
}
